// !$*UTF8*$!
{
	archiveVersion = 1;
	classes = {
	};
	objectVersion = 48;
	objects = {

/* Begin PBXBuildFile section */
		89707DBB1FDEB56F00BE9F87 /* FlickrPhotoHeaderView.swift in Sources */ = {isa = PBXBuildFile; fileRef = 89707DBA1FDEB56F00BE9F87 /* FlickrPhotoHeaderView.swift */; };
		89862BAB1FDB18CB004E626B /* AppDelegate.swift in Sources */ = {isa = PBXBuildFile; fileRef = 89862BAA1FDB18CB004E626B /* AppDelegate.swift */; };
		89862BB01FDB18CB004E626B /* Main.storyboard in Resources */ = {isa = PBXBuildFile; fileRef = 89862BAE1FDB18CB004E626B /* Main.storyboard */; };
		89862BB21FDB18CB004E626B /* Assets.xcassets in Resources */ = {isa = PBXBuildFile; fileRef = 89862BB11FDB18CB004E626B /* Assets.xcassets */; };
		89862BB51FDB18CB004E626B /* LaunchScreen.storyboard in Resources */ = {isa = PBXBuildFile; fileRef = 89862BB31FDB18CB004E626B /* LaunchScreen.storyboard */; };
		89862BBD1FDB29D5004E626B /* FlickrPhotosViewController.swift in Sources */ = {isa = PBXBuildFile; fileRef = 89862BBC1FDB29D5004E626B /* FlickrPhotosViewController.swift */; };
		89862BC11FDB2AE9004E626B /* FlickrSearchResults.swift in Sources */ = {isa = PBXBuildFile; fileRef = 89862BBE1FDB2AE9004E626B /* FlickrSearchResults.swift */; };
		89862BC21FDB2AE9004E626B /* Flickr.swift in Sources */ = {isa = PBXBuildFile; fileRef = 89862BBF1FDB2AE9004E626B /* Flickr.swift */; };
		89862BC31FDB2AE9004E626B /* FlickrPhoto.swift in Sources */ = {isa = PBXBuildFile; fileRef = 89862BC01FDB2AE9004E626B /* FlickrPhoto.swift */; };
		899DCD941FDE9E8E00F2D8BF /* FlickrPhotoCell.swift in Sources */ = {isa = PBXBuildFile; fileRef = 899DCD931FDE9E8E00F2D8BF /* FlickrPhotoCell.swift */; };
/* End PBXBuildFile section */

/* Begin PBXFileReference section */
		89707DBA1FDEB56F00BE9F87 /* FlickrPhotoHeaderView.swift */ = {isa = PBXFileReference; lastKnownFileType = sourcecode.swift; path = FlickrPhotoHeaderView.swift; sourceTree = "<group>"; };
		89862BA71FDB18CB004E626B /* FlickrSearch.app */ = {isa = PBXFileReference; explicitFileType = wrapper.application; includeInIndex = 0; path = FlickrSearch.app; sourceTree = BUILT_PRODUCTS_DIR; };
		89862BAA1FDB18CB004E626B /* AppDelegate.swift */ = {isa = PBXFileReference; lastKnownFileType = sourcecode.swift; path = AppDelegate.swift; sourceTree = "<group>"; };
		89862BAF1FDB18CB004E626B /* Base */ = {isa = PBXFileReference; lastKnownFileType = file.storyboard; name = Base; path = Base.lproj/Main.storyboard; sourceTree = "<group>"; };
		89862BB11FDB18CB004E626B /* Assets.xcassets */ = {isa = PBXFileReference; lastKnownFileType = folder.assetcatalog; path = Assets.xcassets; sourceTree = "<group>"; };
		89862BB41FDB18CB004E626B /* Base */ = {isa = PBXFileReference; lastKnownFileType = file.storyboard; name = Base; path = Base.lproj/LaunchScreen.storyboard; sourceTree = "<group>"; };
		89862BB61FDB18CB004E626B /* Info.plist */ = {isa = PBXFileReference; lastKnownFileType = text.plist.xml; path = Info.plist; sourceTree = "<group>"; };
		89862BBC1FDB29D5004E626B /* FlickrPhotosViewController.swift */ = {isa = PBXFileReference; lastKnownFileType = sourcecode.swift; path = FlickrPhotosViewController.swift; sourceTree = "<group>"; };
		89862BBE1FDB2AE9004E626B /* FlickrSearchResults.swift */ = {isa = PBXFileReference; fileEncoding = 4; lastKnownFileType = sourcecode.swift; path = FlickrSearchResults.swift; sourceTree = "<group>"; };
		89862BBF1FDB2AE9004E626B /* Flickr.swift */ = {isa = PBXFileReference; fileEncoding = 4; lastKnownFileType = sourcecode.swift; path = Flickr.swift; sourceTree = "<group>"; };
		89862BC01FDB2AE9004E626B /* FlickrPhoto.swift */ = {isa = PBXFileReference; fileEncoding = 4; lastKnownFileType = sourcecode.swift; path = FlickrPhoto.swift; sourceTree = "<group>"; };
		899DCD931FDE9E8E00F2D8BF /* FlickrPhotoCell.swift */ = {isa = PBXFileReference; lastKnownFileType = sourcecode.swift; path = FlickrPhotoCell.swift; sourceTree = "<group>"; };
/* End PBXFileReference section */

/* Begin PBXFrameworksBuildPhase section */
		89862BA41FDB18CB004E626B /* Frameworks */ = {
			isa = PBXFrameworksBuildPhase;
			buildActionMask = 2147483647;
			files = (
			);
			runOnlyForDeploymentPostprocessing = 0;
		};
/* End PBXFrameworksBuildPhase section */

/* Begin PBXGroup section */
		89862B9E1FDB18CB004E626B = {
			isa = PBXGroup;
			children = (
				89862BA91FDB18CB004E626B /* FlickrSearch */,
				89862BA81FDB18CB004E626B /* Products */,
			);
			sourceTree = "<group>";
		};
		89862BA81FDB18CB004E626B /* Products */ = {
			isa = PBXGroup;
			children = (
				89862BA71FDB18CB004E626B /* FlickrSearch.app */,
			);
			name = Products;
			sourceTree = "<group>";
		};
		89862BA91FDB18CB004E626B /* FlickrSearch */ = {
			isa = PBXGroup;
			children = (
				89862BBF1FDB2AE9004E626B /* Flickr.swift */,
				89862BC01FDB2AE9004E626B /* FlickrPhoto.swift */,
				89862BBE1FDB2AE9004E626B /* FlickrSearchResults.swift */,
				89862BAA1FDB18CB004E626B /* AppDelegate.swift */,
				89862BAE1FDB18CB004E626B /* Main.storyboard */,
				899DCD931FDE9E8E00F2D8BF /* FlickrPhotoCell.swift */,
				89862BBC1FDB29D5004E626B /* FlickrPhotosViewController.swift */,
				89707DBA1FDEB56F00BE9F87 /* FlickrPhotoHeaderView.swift */,
				89862BB11FDB18CB004E626B /* Assets.xcassets */,
				89862BB31FDB18CB004E626B /* LaunchScreen.storyboard */,
				89862BB61FDB18CB004E626B /* Info.plist */,
			);
			path = FlickrSearch;
			sourceTree = "<group>";
		};
/* End PBXGroup section */

/* Begin PBXNativeTarget section */
		89862BA61FDB18CB004E626B /* FlickrSearch */ = {
			isa = PBXNativeTarget;
			buildConfigurationList = 89862BB91FDB18CB004E626B /* Build configuration list for PBXNativeTarget "FlickrSearch" */;
			buildPhases = (
				89862BA31FDB18CB004E626B /* Sources */,
				89862BA41FDB18CB004E626B /* Frameworks */,
				89862BA51FDB18CB004E626B /* Resources */,
			);
			buildRules = (
			);
			dependencies = (
			);
			name = FlickrSearch;
			productName = FlickrSearch;
			productReference = 89862BA71FDB18CB004E626B /* FlickrSearch.app */;
			productType = "com.apple.product-type.application";
		};
/* End PBXNativeTarget section */

/* Begin PBXProject section */
		89862B9F1FDB18CB004E626B /* Project object */ = {
			isa = PBXProject;
			attributes = {
				LastSwiftUpdateCheck = 0920;
				LastUpgradeCheck = 0920;
				ORGANIZATIONNAME = "Weronika Golota";
				TargetAttributes = {
					89862BA61FDB18CB004E626B = {
						CreatedOnToolsVersion = 9.2;
						ProvisioningStyle = Automatic;
					};
				};
			};
			buildConfigurationList = 89862BA21FDB18CB004E626B /* Build configuration list for PBXProject "FlickrSearch" */;
			compatibilityVersion = "Xcode 8.0";
			developmentRegion = en;
			hasScannedForEncodings = 0;
			knownRegions = (
				en,
				Base,
			);
			mainGroup = 89862B9E1FDB18CB004E626B;
			productRefGroup = 89862BA81FDB18CB004E626B /* Products */;
			projectDirPath = "";
			projectRoot = "";
			targets = (
				89862BA61FDB18CB004E626B /* FlickrSearch */,
			);
		};
/* End PBXProject section */

/* Begin PBXResourcesBuildPhase section */
		89862BA51FDB18CB004E626B /* Resources */ = {
			isa = PBXResourcesBuildPhase;
			buildActionMask = 2147483647;
			files = (
				89862BB51FDB18CB004E626B /* LaunchScreen.storyboard in Resources */,
				89862BB21FDB18CB004E626B /* Assets.xcassets in Resources */,
				89862BB01FDB18CB004E626B /* Main.storyboard in Resources */,
			);
			runOnlyForDeploymentPostprocessing = 0;
		};
/* End PBXResourcesBuildPhase section */

/* Begin PBXSourcesBuildPhase section */
		89862BA31FDB18CB004E626B /* Sources */ = {
			isa = PBXSourcesBuildPhase;
			buildActionMask = 2147483647;
			files = (
				89862BBD1FDB29D5004E626B /* FlickrPhotosViewController.swift in Sources */,
				89862BC11FDB2AE9004E626B /* FlickrSearchResults.swift in Sources */,
				89862BC21FDB2AE9004E626B /* Flickr.swift in Sources */,
				89862BC31FDB2AE9004E626B /* FlickrPhoto.swift in Sources */,
				89862BAB1FDB18CB004E626B /* AppDelegate.swift in Sources */,
				89707DBB1FDEB56F00BE9F87 /* FlickrPhotoHeaderView.swift in Sources */,
				899DCD941FDE9E8E00F2D8BF /* FlickrPhotoCell.swift in Sources */,
			);
			runOnlyForDeploymentPostprocessing = 0;
		};
/* End PBXSourcesBuildPhase section */

/* Begin PBXVariantGroup section */
		89862BAE1FDB18CB004E626B /* Main.storyboard */ = {
			isa = PBXVariantGroup;
			children = (
				89862BAF1FDB18CB004E626B /* Base */,
			);
			name = Main.storyboard;
			sourceTree = "<group>";
		};
		89862BB31FDB18CB004E626B /* LaunchScreen.storyboard */ = {
			isa = PBXVariantGroup;
			children = (
				89862BB41FDB18CB004E626B /* Base */,
			);
			name = LaunchScreen.storyboard;
			sourceTree = "<group>";
		};
/* End PBXVariantGroup section */

/* Begin XCBuildConfiguration section */
		89862BB71FDB18CB004E626B /* Debug */ = {
			isa = XCBuildConfiguration;
			buildSettings = {
				ALWAYS_SEARCH_USER_PATHS = NO;
				CLANG_ANALYZER_NONNULL = YES;
				CLANG_ANALYZER_NUMBER_OBJECT_CONVERSION = YES_AGGRESSIVE;
				CLANG_CXX_LANGUAGE_STANDARD = "gnu++14";
				CLANG_CXX_LIBRARY = "libc++";
				CLANG_ENABLE_MODULES = YES;
				CLANG_ENABLE_OBJC_ARC = YES;
				CLANG_WARN_BLOCK_CAPTURE_AUTORELEASING = YES;
				CLANG_WARN_BOOL_CONVERSION = YES;
				CLANG_WARN_COMMA = YES;
				CLANG_WARN_CONSTANT_CONVERSION = YES;
				CLANG_WARN_DIRECT_OBJC_ISA_USAGE = YES_ERROR;
				CLANG_WARN_DOCUMENTATION_COMMENTS = YES;
				CLANG_WARN_EMPTY_BODY = YES;
				CLANG_WARN_ENUM_CONVERSION = YES;
				CLANG_WARN_INFINITE_RECURSION = YES;
				CLANG_WARN_INT_CONVERSION = YES;
				CLANG_WARN_NON_LITERAL_NULL_CONVERSION = YES;
				CLANG_WARN_OBJC_LITERAL_CONVERSION = YES;
				CLANG_WARN_OBJC_ROOT_CLASS = YES_ERROR;
				CLANG_WARN_RANGE_LOOP_ANALYSIS = YES;
				CLANG_WARN_STRICT_PROTOTYPES = YES;
				CLANG_WARN_SUSPICIOUS_MOVE = YES;
				CLANG_WARN_UNGUARDED_AVAILABILITY = YES_AGGRESSIVE;
				CLANG_WARN_UNREACHABLE_CODE = YES;
				CLANG_WARN__DUPLICATE_METHOD_MATCH = YES;
				CODE_SIGN_IDENTITY = "iPhone Developer";
				COPY_PHASE_STRIP = NO;
				DEBUG_INFORMATION_FORMAT = dwarf;
				ENABLE_STRICT_OBJC_MSGSEND = YES;
				ENABLE_TESTABILITY = YES;
				GCC_C_LANGUAGE_STANDARD = gnu11;
				GCC_DYNAMIC_NO_PIC = NO;
				GCC_NO_COMMON_BLOCKS = YES;
				GCC_OPTIMIZATION_LEVEL = 0;
				GCC_PREPROCESSOR_DEFINITIONS = (
					"DEBUG=1",
					"$(inherited)",
				);
				GCC_WARN_64_TO_32_BIT_CONVERSION = YES;
				GCC_WARN_ABOUT_RETURN_TYPE = YES_ERROR;
				GCC_WARN_UNDECLARED_SELECTOR = YES;
				GCC_WARN_UNINITIALIZED_AUTOS = YES_AGGRESSIVE;
				GCC_WARN_UNUSED_FUNCTION = YES;
				GCC_WARN_UNUSED_VARIABLE = YES;
				IPHONEOS_DEPLOYMENT_TARGET = 11.2;
				MTL_ENABLE_DEBUG_INFO = YES;
				ONLY_ACTIVE_ARCH = YES;
				SDKROOT = iphoneos;
				SWIFT_ACTIVE_COMPILATION_CONDITIONS = DEBUG;
				SWIFT_OPTIMIZATION_LEVEL = "-Onone";
			};
			name = Debug;
		};
		89862BB81FDB18CB004E626B /* Release */ = {
			isa = XCBuildConfiguration;
			buildSettings = {
				ALWAYS_SEARCH_USER_PATHS = NO;
				CLANG_ANALYZER_NONNULL = YES;
				CLANG_ANALYZER_NUMBER_OBJECT_CONVERSION = YES_AGGRESSIVE;
				CLANG_CXX_LANGUAGE_STANDARD = "gnu++14";
				CLANG_CXX_LIBRARY = "libc++";
				CLANG_ENABLE_MODULES = YES;
				CLANG_ENABLE_OBJC_ARC = YES;
				CLANG_WARN_BLOCK_CAPTURE_AUTORELEASING = YES;
				CLANG_WARN_BOOL_CONVERSION = YES;
				CLANG_WARN_COMMA = YES;
				CLANG_WARN_CONSTANT_CONVERSION = YES;
				CLANG_WARN_DIRECT_OBJC_ISA_USAGE = YES_ERROR;
				CLANG_WARN_DOCUMENTATION_COMMENTS = YES;
				CLANG_WARN_EMPTY_BODY = YES;
				CLANG_WARN_ENUM_CONVERSION = YES;
				CLANG_WARN_INFINITE_RECURSION = YES;
				CLANG_WARN_INT_CONVERSION = YES;
				CLANG_WARN_NON_LITERAL_NULL_CONVERSION = YES;
				CLANG_WARN_OBJC_LITERAL_CONVERSION = YES;
				CLANG_WARN_OBJC_ROOT_CLASS = YES_ERROR;
				CLANG_WARN_RANGE_LOOP_ANALYSIS = YES;
				CLANG_WARN_STRICT_PROTOTYPES = YES;
				CLANG_WARN_SUSPICIOUS_MOVE = YES;
				CLANG_WARN_UNGUARDED_AVAILABILITY = YES_AGGRESSIVE;
				CLANG_WARN_UNREACHABLE_CODE = YES;
				CLANG_WARN__DUPLICATE_METHOD_MATCH = YES;
				CODE_SIGN_IDENTITY = "iPhone Developer";
				COPY_PHASE_STRIP = NO;
				DEBUG_INFORMATION_FORMAT = "dwarf-with-dsym";
				ENABLE_NS_ASSERTIONS = NO;
				ENABLE_STRICT_OBJC_MSGSEND = YES;
				GCC_C_LANGUAGE_STANDARD = gnu11;
				GCC_NO_COMMON_BLOCKS = YES;
				GCC_WARN_64_TO_32_BIT_CONVERSION = YES;
				GCC_WARN_ABOUT_RETURN_TYPE = YES_ERROR;
				GCC_WARN_UNDECLARED_SELECTOR = YES;
				GCC_WARN_UNINITIALIZED_AUTOS = YES_AGGRESSIVE;
				GCC_WARN_UNUSED_FUNCTION = YES;
				GCC_WARN_UNUSED_VARIABLE = YES;
				IPHONEOS_DEPLOYMENT_TARGET = 11.2;
				MTL_ENABLE_DEBUG_INFO = NO;
				SDKROOT = iphoneos;
				SWIFT_OPTIMIZATION_LEVEL = "-Owholemodule";
				VALIDATE_PRODUCT = YES;
			};
			name = Release;
		};
		89862BBA1FDB18CB004E626B /* Debug */ = {
			isa = XCBuildConfiguration;
			buildSettings = {
				ASSETCATALOG_COMPILER_APPICON_NAME = AppIcon;
				CODE_SIGN_STYLE = Automatic;
				INFOPLIST_FILE = FlickrSearch/Info.plist;
				LD_RUNPATH_SEARCH_PATHS = "$(inherited) @executable_path/Frameworks";
				PRODUCT_BUNDLE_IDENTIFIER = golota.FlickrSearch;
				PRODUCT_NAME = "$(TARGET_NAME)";
				SWIFT_VERSION = 4.0;
				TARGETED_DEVICE_FAMILY = "1,2";
			};
			name = Debug;
		};
		89862BBB1FDB18CB004E626B /* Release */ = {
			isa = XCBuildConfiguration;
			buildSettings = {
				ASSETCATALOG_COMPILER_APPICON_NAME = AppIcon;
				CODE_SIGN_STYLE = Automatic;
				INFOPLIST_FILE = FlickrSearch/Info.plist;
				LD_RUNPATH_SEARCH_PATHS = "$(inherited) @executable_path/Frameworks";
				PRODUCT_BUNDLE_IDENTIFIER = golota.FlickrSearch;
				PRODUCT_NAME = "$(TARGET_NAME)";
				SWIFT_VERSION = 4.0;
				TARGETED_DEVICE_FAMILY = "1,2";
			};
			name = Release;
		};
/* End XCBuildConfiguration section */

/* Begin XCConfigurationList section */
		89862BA21FDB18CB004E626B /* Build configuration list for PBXProject "FlickrSearch" */ = {
			isa = XCConfigurationList;
			buildConfigurations = (
				89862BB71FDB18CB004E626B /* Debug */,
				89862BB81FDB18CB004E626B /* Release */,
			);
			defaultConfigurationIsVisible = 0;
			defaultConfigurationName = Release;
		};
		89862BB91FDB18CB004E626B /* Build configuration list for PBXNativeTarget "FlickrSearch" */ = {
			isa = XCConfigurationList;
			buildConfigurations = (
				89862BBA1FDB18CB004E626B /* Debug */,
				89862BBB1FDB18CB004E626B /* Release */,
			);
			defaultConfigurationIsVisible = 0;
			defaultConfigurationName = Release;
		};
/* End XCConfigurationList section */
	};
	rootObject = 89862B9F1FDB18CB004E626B /* Project object */;
}
